<?xml version="1.0" encoding="utf-8"?>
<Project ToolsVersion="4.0" xmlns="http://schemas.microsoft.com/developer/msbuild/2003">
  <ItemGroup>
    <Filter Include="Source Files">
      <UniqueIdentifier>{4FC737F1-C7A5-4376-A066-2A32D752A2FF}</UniqueIdentifier>
      <Extensions>cpp;cxx;c;def</Extensions>
    </Filter>
    <Filter Include="Header Files">
      <UniqueIdentifier>{93995380-89BD-4b04-88EB-625FBE52EBFB}</UniqueIdentifier>
      <Extensions>h</Extensions>
    </Filter>
    <Filter Include="Resource Files">
      <UniqueIdentifier>{D9D6E242-F8AF-46E4-B9FD-80ECBC20BA3E}</UniqueIdentifier>
      <Extensions>qrc;*</Extensions>
      <ParseFiles>false</ParseFiles>
    </Filter>
    <Filter Include="Generated Files">
      <UniqueIdentifier>{71ED8ED8-ACB9-4CE9-BBE1-E00B30144E11}</UniqueIdentifier>
      <Extensions>moc;h;cpp</Extensions>
      <SourceControlFiles>False</SourceControlFiles>
    </Filter>
  </ItemGroup>
  <ItemGroup>
    <ClCompile Include="main.cpp">
      <Filter>Source Files</Filter>
    </ClCompile>
    <ClCompile Include="..\ERDiagram\AddComponentCmd.cpp">
      <Filter>Resource Files</Filter>
    </ClCompile>
    <ClCompile Include="..\ERDiagram\Command.cpp">
      <Filter>Resource Files</Filter>
    </ClCompile>
    <ClCompile Include="..\ERDiagram\CommandManager.cpp">
      <Filter>Resource Files</Filter>
    </ClCompile>
    <ClCompile Include="..\ERDiagram\Component.cpp">
      <Filter>Resource Files</Filter>
    </ClCompile>
    <ClCompile Include="..\ERDiagram\ComponentFactory.cpp">
      <Filter>Resource Files</Filter>
    </ClCompile>
    <ClCompile Include="..\ERDiagram\ConnectComponentsCmd.cpp">
      <Filter>Resource Files</Filter>
    </ClCompile>
    <ClCompile Include="..\ERDiagram\Connector.cpp">
      <Filter>Resource Files</Filter>
    </ClCompile>
    <ClCompile Include="..\ERDiagram\DeleteComponentCmd.cpp">
      <Filter>Resource Files</Filter>
    </ClCompile>
    <ClCompile Include="..\ERDiagram\ERModel.cpp">
      <Filter>Resource Files</Filter>
    </ClCompile>
    <ClCompile Include="..\ERDiagram\Node.cpp">
      <Filter>Resource Files</Filter>
    </ClCompile>
    <ClCompile Include="..\ERDiagram\NodeAttribute.cpp">
      <Filter>Resource Files</Filter>
    </ClCompile>
    <ClCompile Include="..\ERDiagram\NodeEntity.cpp">
      <Filter>Resource Files</Filter>
    </ClCompile>
    <ClCompile Include="..\ERDiagram\NodeRelationship.cpp">
      <Filter>Resource Files</Filter>
    </ClCompile>
    <ClCompile Include="..\ERDiagram\TextUI.cpp">
      <Filter>Resource Files</Filter>
    </ClCompile>
    <ClCompile Include="..\ERDiagram\Toolkit.cpp">
      <Filter>Resource Files</Filter>
    </ClCompile>
    <ClCompile Include="ToolkitTest.cpp">
      <Filter>Source Files</Filter>
    </ClCompile>
    <ClCompile Include="ERModelTest.cpp">
      <Filter>Source Files</Filter>
    </ClCompile>
    <ClCompile Include="ComponentFactoryTest.cpp">
      <Filter>Source Files</Filter>
    </ClCompile>
    <ClCompile Include="AddComponentCmdTest.cpp">
      <Filter>Source Files</Filter>
    </ClCompile>
    <ClCompile Include="CommandManagerTest.cpp">
      <Filter>Source Files</Filter>
    </ClCompile>
    <ClCompile Include="ConnectComponentsCmdTest.cpp">
      <Filter>Source Files</Filter>
    </ClCompile>
    <ClCompile Include="DeleteComponentCmdTest.cpp">
      <Filter>Source Files</Filter>
    </ClCompile>
    <ClCompile Include="ComponentTest.cpp">
      <Filter>Source Files</Filter>
    </ClCompile>
    <ClCompile Include="NodeAttributeTest.cpp">
      <Filter>Source Files</Filter>
    </ClCompile>
    <ClCompile Include="NodeEntityTest.cpp">
      <Filter>Source Files</Filter>
    </ClCompile>
    <ClCompile Include="NodeRelationshipTest.cpp">
      <Filter>Source Files</Filter>
    </ClCompile>
    <ClCompile Include="ConnectorTest.cpp">
      <Filter>Source Files</Filter>
    </ClCompile>
    <ClCompile Include="IntegrationTest.cpp">
      <Filter>Source Files</Filter>
    </ClCompile>
  </ItemGroup>
  <ItemGroup>
    <ClInclude Include="ToolkitTest.h">
      <Filter>Header Files</Filter>
    </ClInclude>
    <ClInclude Include="ERModelTest.h">
      <Filter>Header Files</Filter>
    </ClInclude>
    <ClInclude Include="ComponentFactoryTest.h">
      <Filter>Header Files</Filter>
    </ClInclude>
    <ClInclude Include="AddComponentCmdTest.h">
      <Filter>Header Files</Filter>
    </ClInclude>
    <ClInclude Include="CommandManagerTest.h">
      <Filter>Header Files</Filter>
    </ClInclude>
    <ClInclude Include="ConnectComponentsCmdTest.h">
      <Filter>Header Files</Filter>
    </ClInclude>
    <ClInclude Include="DeleteComponentCmdTest.h">
      <Filter>Header Files</Filter>
    </ClInclude>
    <ClInclude Include="ComponentTest.h">
      <Filter>Header Files</Filter>
    </ClInclude>
    <ClInclude Include="NodeAttributeTest.h">
      <Filter>Header Files</Filter>
    </ClInclude>
    <ClInclude Include="NodeEntityTest.h">
      <Filter>Header Files</Filter>
    </ClInclude>
    <ClInclude Include="NodeRelationshipTest.h">
      <Filter>Header Files</Filter>
    </ClInclude>
    <ClInclude Include="ConnectorTest.h">
      <Filter>Header Files</Filter>
    </ClInclude>
    <ClInclude Include="IntegrationTest.h">
      <Filter>Header Files</Filter>
    </ClInclude>
  </ItemGroup>
</Project>