
Microsoft Visual Studio Solution File, Format Version 11.00
# Visual Studio 2010
Project("{8BC9CEB8-8B4A-11D0-8D11-00A0C91BC942}") = "102598018", "102598018\102598018.vcxproj", "{B06A3073-D20C-417E-9048-F1CE4FBF9773}"
EndProject
Global
	GlobalSection(SolutionConfigurationPlatforms) = preSolution
		Debug|Win32 = Debug|Win32
		Release|Win32 = Release|Win32
	EndGlobalSection
	GlobalSection(ProjectConfigurationPlatforms) = postSolution
		{B06A3073-D20C-417E-9048-F1CE4FBF9773}.Debug|Win32.ActiveCfg = Debug|Win32
		{B06A3073-D20C-417E-9048-F1CE4FBF9773}.Debug|Win32.Build.0 = Debug|Win32
		{B06A3073-D20C-417E-9048-F1CE4FBF9773}.Release|Win32.ActiveCfg = Release|Win32
		{B06A3073-D20C-417E-9048-F1CE4FBF9773}.Release|Win32.Build.0 = Release|Win32
	EndGlobalSection
	GlobalSection(SolutionProperties) = preSolution
		HideSolutionNode = FALSE
	EndGlobalSection
	GlobalSection(ExtensibilityGlobals) = postSolution
		Qt5Version = 5.1.1
	EndGlobalSection
EndGlobal
